
Microsoft Visual Studio Solution File, Format Version 12.00
# Visual Studio Version 17
VisualStudioVersion = 17.14.36401.2 d17.14
MinimumVisualStudioVersion = 10.0.40219.1
Project("{FAE04EC0-301F-11D3-BF4B-00C04F79EFBC}") = "ThirdYearLP_IP_Solver", "ThirdYearLP_IP_Solver\ThirdYearLP_IP_Solver.csproj", "{291EE76E-54B8-4DEE-8E48-F692F13A796D}"
EndProject
Project("{2150E333-8FDC-42A3-9474-1A3956D46DE8}") = "Solution Items", "Solution Items", "{8EC462FD-D22E-90A8-E5CE-7E832BA40C5D}"
	ProjectSection(SolutionItems) = preProject
		.gitignore = .gitignore
	EndProjectSection
EndProject
Global
	GlobalSection(SolutionConfigurationPlatforms) = preSolution
		Debug|Any CPU = Debug|Any CPU
		Release|Any CPU = Release|Any CPU
	EndGlobalSection
	GlobalSection(ProjectConfigurationPlatforms) = postSolution
		{291EE76E-54B8-4DEE-8E48-F692F13A796D}.Debug|Any CPU.ActiveCfg = Debug|Any CPU
		{291EE76E-54B8-4DEE-8E48-F692F13A796D}.Debug|Any CPU.Build.0 = Debug|Any CPU
		{291EE76E-54B8-4DEE-8E48-F692F13A796D}.Release|Any CPU.ActiveCfg = Release|Any CPU
		{291EE76E-54B8-4DEE-8E48-F692F13A796D}.Release|Any CPU.Build.0 = Release|Any CPU
	EndGlobalSection
	GlobalSection(SolutionProperties) = preSolution
		HideSolutionNode = FALSE
	EndGlobalSection
	GlobalSection(ExtensibilityGlobals) = postSolution
		SolutionGuid = {FBAA1436-CB5D-4BC0-883C-D0E832BF4A64}
	EndGlobalSection
EndGlobal
